<?xml version="1.0" encoding="UTF-8" standalone="yes" ?>
<CodeBlocks_project_file>
	<FileVersion major="1" minor="6" />
	<Project>
		<Option title="webframework_new" />
		<Option pch_mode="2" />
		<Option compiler="gcc" />
		<Build>
			<Target title="Debug">
				<Option output="/var/www/cgi-bin/framework/debug/bin/webframework_new" prefix_auto="1" extension_auto="1" />
				<Option object_output="/var/www/cgi-bin/framework/debug/obj/" />
				<Option type="1" />
				<Option compiler="gcc" />
				<Compiler>
					<Add option="-g" />
					<Add option="`mysql_config --cflags`" />
				</Compiler>
				<Linker>
					<Add option="`mysql_config --libs`" />
				</Linker>
			</Target>
			<Target title="Release">
				<Option output="/var/www/cgi-bin/framework/webframework_new" prefix_auto="1" extension_auto="1" />
				<Option object_output="/var/www/cgi-bin/framework/obj/" />
				<Option type="1" />
				<Option compiler="gcc" />
				<Compiler>
					<Add option="-O2" />
					<Add option="`mysql_config --cflags`" />
				</Compiler>
				<Linker>
					<Add option="-s" />
					<Add option="`mysql_config --libs`" />
				</Linker>
			</Target>
		</Build>
		<Compiler>
			<Add option="-Wall" />
		</Compiler>
		<Unit filename="arrays.h" />
		<Unit filename="defined.h" />
		<Unit filename="funcs.h" />
		<Unit filename="htmlfuncs.h" />
		<Unit filename="main.c">
			<Option compilerVar="CC" />
		</Unit>
		<Unit filename="mysql_funcs.h" />
		<Extensions>
			<code_completion />
			<debugger />
		</Extensions>
	</Project>
</CodeBlocks_project_file>
